
Microsoft Visual Studio Solution File, Format Version 12.00
# Visual Studio Version 17
VisualStudioVersion = 17.3.32901.215
MinimumVisualStudioVersion = 10.0.40219.1
Project("{9A19103F-16F7-4668-BE54-9A1E7A4F7556}") = "WavesLabs.Node.Client", "WavesLabs.Node.Client\WavesLabs.Node.Client.csproj", "{79C827F7-FDA9-4A6D-83FC-27FE72A69921}"
EndProject
Project("{9A19103F-16F7-4668-BE54-9A1E7A4F7556}") = "WavesLabs.Node.Tests", "WavesLabs.Node.Tests\WavesLabs.Node.Tests.csproj", "{F02CC473-194B-4152-B23A-07AA57464096}"
EndProject
Project("{9A19103F-16F7-4668-BE54-9A1E7A4F7556}") = "WavesLabs.Node.Transactions", "WavesLabs.Node.Transactions\WavesLabs.Node.Transactions.csproj", "{3934A991-BB57-4ED2-8CDD-5FB632661476}"
EndProject
Global
	GlobalSection(SolutionConfigurationPlatforms) = preSolution
		Debug|Any CPU = Debug|Any CPU
		Release|Any CPU = Release|Any CPU
	EndGlobalSection
	GlobalSection(ProjectConfigurationPlatforms) = postSolution
		{79C827F7-FDA9-4A6D-83FC-27FE72A69921}.Debug|Any CPU.ActiveCfg = Debug|Any CPU
		{79C827F7-FDA9-4A6D-83FC-27FE72A69921}.Debug|Any CPU.Build.0 = Debug|Any CPU
		{79C827F7-FDA9-4A6D-83FC-27FE72A69921}.Release|Any CPU.ActiveCfg = Release|Any CPU
		{79C827F7-FDA9-4A6D-83FC-27FE72A69921}.Release|Any CPU.Build.0 = Release|Any CPU
		{F02CC473-194B-4152-B23A-07AA57464096}.Debug|Any CPU.ActiveCfg = Debug|Any CPU
		{F02CC473-194B-4152-B23A-07AA57464096}.Debug|Any CPU.Build.0 = Debug|Any CPU
		{F02CC473-194B-4152-B23A-07AA57464096}.Release|Any CPU.ActiveCfg = Release|Any CPU
		{F02CC473-194B-4152-B23A-07AA57464096}.Release|Any CPU.Build.0 = Release|Any CPU
		{3934A991-BB57-4ED2-8CDD-5FB632661476}.Debug|Any CPU.ActiveCfg = Debug|Any CPU
		{3934A991-BB57-4ED2-8CDD-5FB632661476}.Debug|Any CPU.Build.0 = Debug|Any CPU
		{3934A991-BB57-4ED2-8CDD-5FB632661476}.Release|Any CPU.ActiveCfg = Release|Any CPU
		{3934A991-BB57-4ED2-8CDD-5FB632661476}.Release|Any CPU.Build.0 = Release|Any CPU
	EndGlobalSection
	GlobalSection(SolutionProperties) = preSolution
		HideSolutionNode = FALSE
	EndGlobalSection
	GlobalSection(ExtensibilityGlobals) = postSolution
		SolutionGuid = {3C0C58F9-87D6-4864-B0E1-1B67F87ADFD8}
	EndGlobalSection
EndGlobal
